
Microsoft Visual Studio Solution File, Format Version 12.00
# Visual Studio Version 17
VisualStudioVersion = 17.0.31903.59
MinimumVisualStudioVersion = 10.0.40219.1
Project("{FAE04EC0-301F-11D3-BF4B-00C04F79EFBC}") = "BMAP.Core.Mediator", "src\BMAP.Core.Mediator\BMAP.Core.Mediator.csproj", "{64C1638C-A05D-8F7F-9D51-305C9383D981}"
EndProject
Project("{FAE04EC0-301F-11D3-BF4B-00C04F79EFBC}") = "BMAP.Core.Mediator.Tests", "tests\BMAP.Core.Mediator.Tests\BMAP.Core.Mediator.Tests.csproj", "{E1EB3303-3683-DB27-9B05-A23B40104783}"
EndProject
Project("{FAE04EC0-301F-11D3-BF4B-00C04F79EFBC}") = "BMAP.Core.Mediator.Integration.Tests", "tests\BMAP.Core.Mediator.Integration.Tests\BMAP.Core.Mediator.Integration.Tests.csproj", "{7FB25B9B-E4A9-ED7F-20DA-853C257B9DD2}"
EndProject
Project("{2150E333-8FDC-42A3-9474-1A3956D46DE8}") = "src", "src", "{6C83A596-D32D-B35F-00DD-F0C99B673980}"
EndProject
Project("{2150E333-8FDC-42A3-9474-1A3956D46DE8}") = "tests", "tests", "{E09A8996-11DC-4EBA-A8AF-17FAFD477505}"
EndProject
Project("{FAE04EC0-301F-11D3-BF4B-00C04F79EFBC}") = "BMAP.Core.Result", "src\BMAP.Core.Result\BMAP.Core.Result.csproj", "{AF2C6AE4-A55C-227A-FC22-64C4EB841D6D}"
EndProject
Project("{FAE04EC0-301F-11D3-BF4B-00C04F79EFBC}") = "BMAP.Core.Result.Tests", "tests\BMAP.Core.Result.Tests\BMAP.Core.Result.Tests.csproj", "{8E74E806-E7B2-0270-C3F2-FF26621EA899}"
EndProject
Project("{FAE04EC0-301F-11D3-BF4B-00C04F79EFBC}") = "BMAP.Core.Data", "src\BMAP.Core.Data\BMAP.Core.Data.csproj", "{E6FFE08E-171A-57E4-258B-2E2724EEE9B4}"
EndProject
Project("{FAE04EC0-301F-11D3-BF4B-00C04F79EFBC}") = "BMAP.Core.Data.Dapper", "src\BMAP.Core.Data.Dapper\BMAP.Core.Data.Dapper.csproj", "{FB00BF6B-5A3F-EA9C-39EA-CFD5A13FE4B3}"
EndProject
Project("{FAE04EC0-301F-11D3-BF4B-00C04F79EFBC}") = "BMAP.Core.Data.Dapper.Tests", "tests\BMAP.Core.Data.Dapper.Tests\BMAP.Core.Data.Dapper.Tests.csproj", "{83FA9D29-4B34-496A-EC13-5C1E5A8B8341}"
EndProject
Project("{FAE04EC0-301F-11D3-BF4B-00C04F79EFBC}") = "BMAP.Core.Data.Tests", "tests\BMAP.Core.Data.Tests\BMAP.Core.Data.Tests.csproj", "{4A4EC3AE-9887-F5F5-F34A-C2409E134F07}"
EndProject
Project("{FAE04EC0-301F-11D3-BF4B-00C04F79EFBC}") = "BMAP.Core.Data.EntityFramework", "src\BMAP.Core.Data.EntityFramework\BMAP.Core.Data.EntityFramework.csproj", "{48394E43-5958-7A9A-A7CA-CAD0FDCF6322}"
EndProject
Project("{FAE04EC0-301F-11D3-BF4B-00C04F79EFBC}") = "BMAP.Core.Data.EntityFramework.Tests", "tests\BMAP.Core.Data.EntityFramework.Tests\BMAP.Core.Data.EntityFramework.Tests.csproj", "{4A45B9F0-5977-A126-6835-0234EE891667}"
EndProject
Global
	GlobalSection(SolutionConfigurationPlatforms) = preSolution
		Debug|Any CPU = Debug|Any CPU
		Debug|x64 = Debug|x64
		Debug|x86 = Debug|x86
		Release|Any CPU = Release|Any CPU
		Release|x64 = Release|x64
		Release|x86 = Release|x86
	EndGlobalSection
	GlobalSection(ProjectConfigurationPlatforms) = postSolution
		{64C1638C-A05D-8F7F-9D51-305C9383D981}.Debug|Any CPU.ActiveCfg = Debug|Any CPU
		{64C1638C-A05D-8F7F-9D51-305C9383D981}.Debug|Any CPU.Build.0 = Debug|Any CPU
		{64C1638C-A05D-8F7F-9D51-305C9383D981}.Debug|x64.ActiveCfg = Debug|Any CPU
		{64C1638C-A05D-8F7F-9D51-305C9383D981}.Debug|x64.Build.0 = Debug|Any CPU
		{64C1638C-A05D-8F7F-9D51-305C9383D981}.Debug|x86.ActiveCfg = Debug|Any CPU
		{64C1638C-A05D-8F7F-9D51-305C9383D981}.Debug|x86.Build.0 = Debug|Any CPU
		{64C1638C-A05D-8F7F-9D51-305C9383D981}.Release|Any CPU.ActiveCfg = Release|Any CPU
		{64C1638C-A05D-8F7F-9D51-305C9383D981}.Release|Any CPU.Build.0 = Release|Any CPU
		{64C1638C-A05D-8F7F-9D51-305C9383D981}.Release|x64.ActiveCfg = Release|Any CPU
		{64C1638C-A05D-8F7F-9D51-305C9383D981}.Release|x64.Build.0 = Release|Any CPU
		{64C1638C-A05D-8F7F-9D51-305C9383D981}.Release|x86.ActiveCfg = Release|Any CPU
		{64C1638C-A05D-8F7F-9D51-305C9383D981}.Release|x86.Build.0 = Release|Any CPU
		{E1EB3303-3683-DB27-9B05-A23B40104783}.Debug|Any CPU.ActiveCfg = Debug|Any CPU
		{E1EB3303-3683-DB27-9B05-A23B40104783}.Debug|Any CPU.Build.0 = Debug|Any CPU
		{E1EB3303-3683-DB27-9B05-A23B40104783}.Debug|x64.ActiveCfg = Debug|Any CPU
		{E1EB3303-3683-DB27-9B05-A23B40104783}.Debug|x64.Build.0 = Debug|Any CPU
		{E1EB3303-3683-DB27-9B05-A23B40104783}.Debug|x86.ActiveCfg = Debug|Any CPU
		{E1EB3303-3683-DB27-9B05-A23B40104783}.Debug|x86.Build.0 = Debug|Any CPU
		{E1EB3303-3683-DB27-9B05-A23B40104783}.Release|Any CPU.ActiveCfg = Release|Any CPU
		{E1EB3303-3683-DB27-9B05-A23B40104783}.Release|Any CPU.Build.0 = Release|Any CPU
		{E1EB3303-3683-DB27-9B05-A23B40104783}.Release|x64.ActiveCfg = Release|Any CPU
		{E1EB3303-3683-DB27-9B05-A23B40104783}.Release|x64.Build.0 = Release|Any CPU
		{E1EB3303-3683-DB27-9B05-A23B40104783}.Release|x86.ActiveCfg = Release|Any CPU
		{E1EB3303-3683-DB27-9B05-A23B40104783}.Release|x86.Build.0 = Release|Any CPU
		{7FB25B9B-E4A9-ED7F-20DA-853C257B9DD2}.Debug|Any CPU.ActiveCfg = Debug|Any CPU
		{7FB25B9B-E4A9-ED7F-20DA-853C257B9DD2}.Debug|Any CPU.Build.0 = Debug|Any CPU
		{7FB25B9B-E4A9-ED7F-20DA-853C257B9DD2}.Debug|x64.ActiveCfg = Debug|Any CPU
		{7FB25B9B-E4A9-ED7F-20DA-853C257B9DD2}.Debug|x64.Build.0 = Debug|Any CPU
		{7FB25B9B-E4A9-ED7F-20DA-853C257B9DD2}.Debug|x86.ActiveCfg = Debug|Any CPU
		{7FB25B9B-E4A9-ED7F-20DA-853C257B9DD2}.Debug|x86.Build.0 = Debug|Any CPU
		{7FB25B9B-E4A9-ED7F-20DA-853C257B9DD2}.Release|Any CPU.ActiveCfg = Release|Any CPU
		{7FB25B9B-E4A9-ED7F-20DA-853C257B9DD2}.Release|Any CPU.Build.0 = Release|Any CPU
		{7FB25B9B-E4A9-ED7F-20DA-853C257B9DD2}.Release|x64.ActiveCfg = Release|Any CPU
		{7FB25B9B-E4A9-ED7F-20DA-853C257B9DD2}.Release|x64.Build.0 = Release|Any CPU
		{7FB25B9B-E4A9-ED7F-20DA-853C257B9DD2}.Release|x86.ActiveCfg = Release|Any CPU
		{7FB25B9B-E4A9-ED7F-20DA-853C257B9DD2}.Release|x86.Build.0 = Release|Any CPU
		{AF2C6AE4-A55C-227A-FC22-64C4EB841D6D}.Debug|Any CPU.ActiveCfg = Debug|Any CPU
		{AF2C6AE4-A55C-227A-FC22-64C4EB841D6D}.Debug|Any CPU.Build.0 = Debug|Any CPU
		{AF2C6AE4-A55C-227A-FC22-64C4EB841D6D}.Debug|x64.ActiveCfg = Debug|Any CPU
		{AF2C6AE4-A55C-227A-FC22-64C4EB841D6D}.Debug|x64.Build.0 = Debug|Any CPU
		{AF2C6AE4-A55C-227A-FC22-64C4EB841D6D}.Debug|x86.ActiveCfg = Debug|Any CPU
		{AF2C6AE4-A55C-227A-FC22-64C4EB841D6D}.Debug|x86.Build.0 = Debug|Any CPU
		{AF2C6AE4-A55C-227A-FC22-64C4EB841D6D}.Release|Any CPU.ActiveCfg = Release|Any CPU
		{AF2C6AE4-A55C-227A-FC22-64C4EB841D6D}.Release|Any CPU.Build.0 = Release|Any CPU
		{AF2C6AE4-A55C-227A-FC22-64C4EB841D6D}.Release|x64.ActiveCfg = Release|Any CPU
		{AF2C6AE4-A55C-227A-FC22-64C4EB841D6D}.Release|x64.Build.0 = Release|Any CPU
		{AF2C6AE4-A55C-227A-FC22-64C4EB841D6D}.Release|x86.ActiveCfg = Release|Any CPU
		{AF2C6AE4-A55C-227A-FC22-64C4EB841D6D}.Release|x86.Build.0 = Release|Any CPU
		{8E74E806-E7B2-0270-C3F2-FF26621EA899}.Debug|Any CPU.ActiveCfg = Debug|Any CPU
		{8E74E806-E7B2-0270-C3F2-FF26621EA899}.Debug|Any CPU.Build.0 = Debug|Any CPU
		{8E74E806-E7B2-0270-C3F2-FF26621EA899}.Debug|x64.ActiveCfg = Debug|Any CPU
		{8E74E806-E7B2-0270-C3F2-FF26621EA899}.Debug|x64.Build.0 = Debug|Any CPU
		{8E74E806-E7B2-0270-C3F2-FF26621EA899}.Debug|x86.ActiveCfg = Debug|Any CPU
		{8E74E806-E7B2-0270-C3F2-FF26621EA899}.Debug|x86.Build.0 = Debug|Any CPU
		{8E74E806-E7B2-0270-C3F2-FF26621EA899}.Release|Any CPU.ActiveCfg = Release|Any CPU
		{8E74E806-E7B2-0270-C3F2-FF26621EA899}.Release|Any CPU.Build.0 = Release|Any CPU
		{8E74E806-E7B2-0270-C3F2-FF26621EA899}.Release|x64.ActiveCfg = Release|Any CPU
		{8E74E806-E7B2-0270-C3F2-FF26621EA899}.Release|x64.Build.0 = Release|Any CPU
		{8E74E806-E7B2-0270-C3F2-FF26621EA899}.Release|x86.ActiveCfg = Release|Any CPU
		{8E74E806-E7B2-0270-C3F2-FF26621EA899}.Release|x86.Build.0 = Release|Any CPU
		{E6FFE08E-171A-57E4-258B-2E2724EEE9B4}.Debug|Any CPU.ActiveCfg = Debug|Any CPU
		{E6FFE08E-171A-57E4-258B-2E2724EEE9B4}.Debug|Any CPU.Build.0 = Debug|Any CPU
		{E6FFE08E-171A-57E4-258B-2E2724EEE9B4}.Debug|x64.ActiveCfg = Debug|Any CPU
		{E6FFE08E-171A-57E4-258B-2E2724EEE9B4}.Debug|x64.Build.0 = Debug|Any CPU
		{E6FFE08E-171A-57E4-258B-2E2724EEE9B4}.Debug|x86.ActiveCfg = Debug|Any CPU
		{E6FFE08E-171A-57E4-258B-2E2724EEE9B4}.Debug|x86.Build.0 = Debug|Any CPU
		{E6FFE08E-171A-57E4-258B-2E2724EEE9B4}.Release|Any CPU.ActiveCfg = Release|Any CPU
		{E6FFE08E-171A-57E4-258B-2E2724EEE9B4}.Release|Any CPU.Build.0 = Release|Any CPU
		{E6FFE08E-171A-57E4-258B-2E2724EEE9B4}.Release|x64.ActiveCfg = Release|Any CPU
		{E6FFE08E-171A-57E4-258B-2E2724EEE9B4}.Release|x64.Build.0 = Release|Any CPU
		{E6FFE08E-171A-57E4-258B-2E2724EEE9B4}.Release|x86.ActiveCfg = Release|Any CPU
		{E6FFE08E-171A-57E4-258B-2E2724EEE9B4}.Release|x86.Build.0 = Release|Any CPU
		{FB00BF6B-5A3F-EA9C-39EA-CFD5A13FE4B3}.Debug|Any CPU.ActiveCfg = Debug|Any CPU
		{FB00BF6B-5A3F-EA9C-39EA-CFD5A13FE4B3}.Debug|Any CPU.Build.0 = Debug|Any CPU
		{FB00BF6B-5A3F-EA9C-39EA-CFD5A13FE4B3}.Debug|x64.ActiveCfg = Debug|Any CPU
		{FB00BF6B-5A3F-EA9C-39EA-CFD5A13FE4B3}.Debug|x64.Build.0 = Debug|Any CPU
		{FB00BF6B-5A3F-EA9C-39EA-CFD5A13FE4B3}.Debug|x86.ActiveCfg = Debug|Any CPU
		{FB00BF6B-5A3F-EA9C-39EA-CFD5A13FE4B3}.Debug|x86.Build.0 = Debug|Any CPU
		{FB00BF6B-5A3F-EA9C-39EA-CFD5A13FE4B3}.Release|Any CPU.ActiveCfg = Release|Any CPU
		{FB00BF6B-5A3F-EA9C-39EA-CFD5A13FE4B3}.Release|Any CPU.Build.0 = Release|Any CPU
		{FB00BF6B-5A3F-EA9C-39EA-CFD5A13FE4B3}.Release|x64.ActiveCfg = Release|Any CPU
		{FB00BF6B-5A3F-EA9C-39EA-CFD5A13FE4B3}.Release|x64.Build.0 = Release|Any CPU
		{FB00BF6B-5A3F-EA9C-39EA-CFD5A13FE4B3}.Release|x86.ActiveCfg = Release|Any CPU
		{FB00BF6B-5A3F-EA9C-39EA-CFD5A13FE4B3}.Release|x86.Build.0 = Release|Any CPU
		{83FA9D29-4B34-496A-EC13-5C1E5A8B8341}.Debug|Any CPU.ActiveCfg = Debug|Any CPU
		{83FA9D29-4B34-496A-EC13-5C1E5A8B8341}.Debug|Any CPU.Build.0 = Debug|Any CPU
		{83FA9D29-4B34-496A-EC13-5C1E5A8B8341}.Debug|x64.ActiveCfg = Debug|Any CPU
		{83FA9D29-4B34-496A-EC13-5C1E5A8B8341}.Debug|x64.Build.0 = Debug|Any CPU
		{83FA9D29-4B34-496A-EC13-5C1E5A8B8341}.Debug|x86.ActiveCfg = Debug|Any CPU
		{83FA9D29-4B34-496A-EC13-5C1E5A8B8341}.Debug|x86.Build.0 = Debug|Any CPU
		{83FA9D29-4B34-496A-EC13-5C1E5A8B8341}.Release|Any CPU.ActiveCfg = Release|Any CPU
		{83FA9D29-4B34-496A-EC13-5C1E5A8B8341}.Release|Any CPU.Build.0 = Release|Any CPU
		{83FA9D29-4B34-496A-EC13-5C1E5A8B8341}.Release|x64.ActiveCfg = Release|Any CPU
		{83FA9D29-4B34-496A-EC13-5C1E5A8B8341}.Release|x64.Build.0 = Release|Any CPU
		{83FA9D29-4B34-496A-EC13-5C1E5A8B8341}.Release|x86.ActiveCfg = Release|Any CPU
		{83FA9D29-4B34-496A-EC13-5C1E5A8B8341}.Release|x86.Build.0 = Release|Any CPU
		{4A4EC3AE-9887-F5F5-F34A-C2409E134F07}.Debug|Any CPU.ActiveCfg = Debug|Any CPU
		{4A4EC3AE-9887-F5F5-F34A-C2409E134F07}.Debug|Any CPU.Build.0 = Debug|Any CPU
		{4A4EC3AE-9887-F5F5-F34A-C2409E134F07}.Debug|x64.ActiveCfg = Debug|Any CPU
		{4A4EC3AE-9887-F5F5-F34A-C2409E134F07}.Debug|x64.Build.0 = Debug|Any CPU
		{4A4EC3AE-9887-F5F5-F34A-C2409E134F07}.Debug|x86.ActiveCfg = Debug|Any CPU
		{4A4EC3AE-9887-F5F5-F34A-C2409E134F07}.Debug|x86.Build.0 = Debug|Any CPU
		{4A4EC3AE-9887-F5F5-F34A-C2409E134F07}.Release|Any CPU.ActiveCfg = Release|Any CPU
		{4A4EC3AE-9887-F5F5-F34A-C2409E134F07}.Release|Any CPU.Build.0 = Release|Any CPU
		{4A4EC3AE-9887-F5F5-F34A-C2409E134F07}.Release|x64.ActiveCfg = Release|Any CPU
		{4A4EC3AE-9887-F5F5-F34A-C2409E134F07}.Release|x64.Build.0 = Release|Any CPU
		{4A4EC3AE-9887-F5F5-F34A-C2409E134F07}.Release|x86.ActiveCfg = Release|Any CPU
		{4A4EC3AE-9887-F5F5-F34A-C2409E134F07}.Release|x86.Build.0 = Release|Any CPU
		{48394E43-5958-7A9A-A7CA-CAD0FDCF6322}.Debug|Any CPU.ActiveCfg = Debug|Any CPU
		{48394E43-5958-7A9A-A7CA-CAD0FDCF6322}.Debug|Any CPU.Build.0 = Debug|Any CPU
		{48394E43-5958-7A9A-A7CA-CAD0FDCF6322}.Debug|x64.ActiveCfg = Debug|Any CPU
		{48394E43-5958-7A9A-A7CA-CAD0FDCF6322}.Debug|x64.Build.0 = Debug|Any CPU
		{48394E43-5958-7A9A-A7CA-CAD0FDCF6322}.Debug|x86.ActiveCfg = Debug|Any CPU
		{48394E43-5958-7A9A-A7CA-CAD0FDCF6322}.Debug|x86.Build.0 = Debug|Any CPU
		{48394E43-5958-7A9A-A7CA-CAD0FDCF6322}.Release|Any CPU.ActiveCfg = Release|Any CPU
		{48394E43-5958-7A9A-A7CA-CAD0FDCF6322}.Release|Any CPU.Build.0 = Release|Any CPU
		{48394E43-5958-7A9A-A7CA-CAD0FDCF6322}.Release|x64.ActiveCfg = Release|Any CPU
		{48394E43-5958-7A9A-A7CA-CAD0FDCF6322}.Release|x64.Build.0 = Release|Any CPU
		{48394E43-5958-7A9A-A7CA-CAD0FDCF6322}.Release|x86.ActiveCfg = Release|Any CPU
		{48394E43-5958-7A9A-A7CA-CAD0FDCF6322}.Release|x86.Build.0 = Release|Any CPU
		{4A45B9F0-5977-A126-6835-0234EE891667}.Debug|Any CPU.ActiveCfg = Debug|Any CPU
		{4A45B9F0-5977-A126-6835-0234EE891667}.Debug|Any CPU.Build.0 = Debug|Any CPU
		{4A45B9F0-5977-A126-6835-0234EE891667}.Debug|x64.ActiveCfg = Debug|Any CPU
		{4A45B9F0-5977-A126-6835-0234EE891667}.Debug|x64.Build.0 = Debug|Any CPU
		{4A45B9F0-5977-A126-6835-0234EE891667}.Debug|x86.ActiveCfg = Debug|Any CPU
		{4A45B9F0-5977-A126-6835-0234EE891667}.Debug|x86.Build.0 = Debug|Any CPU
		{4A45B9F0-5977-A126-6835-0234EE891667}.Release|Any CPU.ActiveCfg = Release|Any CPU
		{4A45B9F0-5977-A126-6835-0234EE891667}.Release|Any CPU.Build.0 = Release|Any CPU
		{4A45B9F0-5977-A126-6835-0234EE891667}.Release|x64.ActiveCfg = Release|Any CPU
		{4A45B9F0-5977-A126-6835-0234EE891667}.Release|x64.Build.0 = Release|Any CPU
		{4A45B9F0-5977-A126-6835-0234EE891667}.Release|x86.ActiveCfg = Release|Any CPU
		{4A45B9F0-5977-A126-6835-0234EE891667}.Release|x86.Build.0 = Release|Any CPU
	EndGlobalSection
	GlobalSection(SolutionProperties) = preSolution
		HideSolutionNode = FALSE
	EndGlobalSection
	GlobalSection(NestedProjects) = preSolution
		{64C1638C-A05D-8F7F-9D51-305C9383D981} = {6C83A596-D32D-B35F-00DD-F0C99B673980}
		{E1EB3303-3683-DB27-9B05-A23B40104783} = {E09A8996-11DC-4EBA-A8AF-17FAFD477505}
		{7FB25B9B-E4A9-ED7F-20DA-853C257B9DD2} = {E09A8996-11DC-4EBA-A8AF-17FAFD477505}
		{AF2C6AE4-A55C-227A-FC22-64C4EB841D6D} = {6C83A596-D32D-B35F-00DD-F0C99B673980}
		{8E74E806-E7B2-0270-C3F2-FF26621EA899} = {E09A8996-11DC-4EBA-A8AF-17FAFD477505}
		{E6FFE08E-171A-57E4-258B-2E2724EEE9B4} = {6C83A596-D32D-B35F-00DD-F0C99B673980}
		{FB00BF6B-5A3F-EA9C-39EA-CFD5A13FE4B3} = {6C83A596-D32D-B35F-00DD-F0C99B673980}
		{83FA9D29-4B34-496A-EC13-5C1E5A8B8341} = {E09A8996-11DC-4EBA-A8AF-17FAFD477505}
		{4A4EC3AE-9887-F5F5-F34A-C2409E134F07} = {E09A8996-11DC-4EBA-A8AF-17FAFD477505}
		{48394E43-5958-7A9A-A7CA-CAD0FDCF6322} = {6C83A596-D32D-B35F-00DD-F0C99B673980}
		{4A45B9F0-5977-A126-6835-0234EE891667} = {E09A8996-11DC-4EBA-A8AF-17FAFD477505}
	EndGlobalSection
	GlobalSection(ExtensibilityGlobals) = postSolution
		SolutionGuid = {35153B30-143A-422B-9CEE-63497B7114F3}
	EndGlobalSection
EndGlobal
